version = 1
requires-python = ">=3.10"

[[package]]
name = "libs"
version = "0.1.0"
source = { editable = "../libs" }

[[package]]
name = "sklearn-models"
version = "0.1.0"
source = { virtual = "." }
dependencies = [
    { name = "libs" },
]

[package.metadata]
requires-dist = [{ name = "libs", editable = "../libs" }]
